
Microsoft Visual Studio Solution File, Format Version 12.00
# Visual Studio 15
VisualStudioVersion = 15.0.26124.0
MinimumVisualStudioVersion = 15.0.26124.0
Project("{2150E333-8FDC-42A3-9474-1A3956D46DE8}") = "Isograms", "Isograms", "{0F9AF168-702C-4CF9-B85F-007BDC2E675F}"
EndProject
Project("{FAE04EC0-301F-11D3-BF4B-00C04F79EFBC}") = "Isograms", "Isograms\Logic\Isograms.csproj", "{573F2540-8308-49B9-B703-1B70945D110C}"
EndProject
Project("{FAE04EC0-301F-11D3-BF4B-00C04F79EFBC}") = "Test", "Isograms\Test\Test.csproj", "{179256F6-3A10-4B9E-9047-27B175FFE6C9}"
EndProject
Global
	GlobalSection(SolutionConfigurationPlatforms) = preSolution
		Debug|Any CPU = Debug|Any CPU
		Debug|x64 = Debug|x64
		Debug|x86 = Debug|x86
		Release|Any CPU = Release|Any CPU
		Release|x64 = Release|x64
		Release|x86 = Release|x86
	EndGlobalSection
	GlobalSection(SolutionProperties) = preSolution
		HideSolutionNode = FALSE
	EndGlobalSection
	GlobalSection(ProjectConfigurationPlatforms) = postSolution
		{573F2540-8308-49B9-B703-1B70945D110C}.Debug|Any CPU.ActiveCfg = Debug|Any CPU
		{573F2540-8308-49B9-B703-1B70945D110C}.Debug|Any CPU.Build.0 = Debug|Any CPU
		{573F2540-8308-49B9-B703-1B70945D110C}.Debug|x64.ActiveCfg = Debug|Any CPU
		{573F2540-8308-49B9-B703-1B70945D110C}.Debug|x64.Build.0 = Debug|Any CPU
		{573F2540-8308-49B9-B703-1B70945D110C}.Debug|x86.ActiveCfg = Debug|Any CPU
		{573F2540-8308-49B9-B703-1B70945D110C}.Debug|x86.Build.0 = Debug|Any CPU
		{573F2540-8308-49B9-B703-1B70945D110C}.Release|Any CPU.ActiveCfg = Release|Any CPU
		{573F2540-8308-49B9-B703-1B70945D110C}.Release|Any CPU.Build.0 = Release|Any CPU
		{573F2540-8308-49B9-B703-1B70945D110C}.Release|x64.ActiveCfg = Release|Any CPU
		{573F2540-8308-49B9-B703-1B70945D110C}.Release|x64.Build.0 = Release|Any CPU
		{573F2540-8308-49B9-B703-1B70945D110C}.Release|x86.ActiveCfg = Release|Any CPU
		{573F2540-8308-49B9-B703-1B70945D110C}.Release|x86.Build.0 = Release|Any CPU
		{179256F6-3A10-4B9E-9047-27B175FFE6C9}.Debug|Any CPU.ActiveCfg = Debug|Any CPU
		{179256F6-3A10-4B9E-9047-27B175FFE6C9}.Debug|Any CPU.Build.0 = Debug|Any CPU
		{179256F6-3A10-4B9E-9047-27B175FFE6C9}.Debug|x64.ActiveCfg = Debug|Any CPU
		{179256F6-3A10-4B9E-9047-27B175FFE6C9}.Debug|x64.Build.0 = Debug|Any CPU
		{179256F6-3A10-4B9E-9047-27B175FFE6C9}.Debug|x86.ActiveCfg = Debug|Any CPU
		{179256F6-3A10-4B9E-9047-27B175FFE6C9}.Debug|x86.Build.0 = Debug|Any CPU
		{179256F6-3A10-4B9E-9047-27B175FFE6C9}.Release|Any CPU.ActiveCfg = Release|Any CPU
		{179256F6-3A10-4B9E-9047-27B175FFE6C9}.Release|Any CPU.Build.0 = Release|Any CPU
		{179256F6-3A10-4B9E-9047-27B175FFE6C9}.Release|x64.ActiveCfg = Release|Any CPU
		{179256F6-3A10-4B9E-9047-27B175FFE6C9}.Release|x64.Build.0 = Release|Any CPU
		{179256F6-3A10-4B9E-9047-27B175FFE6C9}.Release|x86.ActiveCfg = Release|Any CPU
		{179256F6-3A10-4B9E-9047-27B175FFE6C9}.Release|x86.Build.0 = Release|Any CPU
	EndGlobalSection
	GlobalSection(NestedProjects) = preSolution
		{573F2540-8308-49B9-B703-1B70945D110C} = {0F9AF168-702C-4CF9-B85F-007BDC2E675F}
		{179256F6-3A10-4B9E-9047-27B175FFE6C9} = {0F9AF168-702C-4CF9-B85F-007BDC2E675F}
	EndGlobalSection
EndGlobal
